
Microsoft Visual Studio Solution File, Format Version 12.00
# Visual Studio Version 16
VisualStudioVersion = 16.0.30503.244
MinimumVisualStudioVersion = 10.0.40219.1
Project("{9A19103F-16F7-4668-BE54-9A1E7A4F7556}") = "WPF", "WPF\WPF.csproj", "{6E862F91-970C-473D-9F9D-52EB7F3CC3D3}"
EndProject
Project("{9A19103F-16F7-4668-BE54-9A1E7A4F7556}") = "ItemLibrary", "ItemLibrary\ItemLibrary.csproj", "{45E997E0-0020-4114-9E34-F8A113064FB7}"
EndProject
Project("{2150E333-8FDC-42A3-9474-1A3956D46DE8}") = "Data", "Data", "{25A92F1B-7513-4AC1-8298-32E5CFDE77A3}"
	ProjectSection(SolutionItems) = preProject
		Data\senukai.csv = Data\senukai.csv
	EndProjectSection
EndProject
Project("{9A19103F-16F7-4668-BE54-9A1E7A4F7556}") = "URLGenerator", "URLGenerator\URLGenerator.csproj", "{F447565B-0063-49D6-A9EE-A829A11ADF9B}"
EndProject
Project("{FAE04EC0-301F-11D3-BF4B-00C04F79EFBC}") = "DataContent", "DataContent\DataContent.csproj", "{A7CE5AB7-241F-41FA-BFE0-40E59C5B6ACC}"
EndProject
Global
	GlobalSection(SolutionConfigurationPlatforms) = preSolution
		Debug|Any CPU = Debug|Any CPU
		Release|Any CPU = Release|Any CPU
	EndGlobalSection
	GlobalSection(ProjectConfigurationPlatforms) = postSolution
		{6E862F91-970C-473D-9F9D-52EB7F3CC3D3}.Debug|Any CPU.ActiveCfg = Debug|Any CPU
		{6E862F91-970C-473D-9F9D-52EB7F3CC3D3}.Debug|Any CPU.Build.0 = Debug|Any CPU
		{6E862F91-970C-473D-9F9D-52EB7F3CC3D3}.Release|Any CPU.ActiveCfg = Release|Any CPU
		{6E862F91-970C-473D-9F9D-52EB7F3CC3D3}.Release|Any CPU.Build.0 = Release|Any CPU
		{45E997E0-0020-4114-9E34-F8A113064FB7}.Debug|Any CPU.ActiveCfg = Debug|Any CPU
		{45E997E0-0020-4114-9E34-F8A113064FB7}.Debug|Any CPU.Build.0 = Debug|Any CPU
		{45E997E0-0020-4114-9E34-F8A113064FB7}.Release|Any CPU.ActiveCfg = Release|Any CPU
		{45E997E0-0020-4114-9E34-F8A113064FB7}.Release|Any CPU.Build.0 = Release|Any CPU
		{F447565B-0063-49D6-A9EE-A829A11ADF9B}.Debug|Any CPU.ActiveCfg = Debug|Any CPU
		{F447565B-0063-49D6-A9EE-A829A11ADF9B}.Debug|Any CPU.Build.0 = Debug|Any CPU
		{F447565B-0063-49D6-A9EE-A829A11ADF9B}.Release|Any CPU.ActiveCfg = Release|Any CPU
		{F447565B-0063-49D6-A9EE-A829A11ADF9B}.Release|Any CPU.Build.0 = Release|Any CPU
		{A7CE5AB7-241F-41FA-BFE0-40E59C5B6ACC}.Debug|Any CPU.ActiveCfg = Debug|Any CPU
		{A7CE5AB7-241F-41FA-BFE0-40E59C5B6ACC}.Debug|Any CPU.Build.0 = Debug|Any CPU
		{A7CE5AB7-241F-41FA-BFE0-40E59C5B6ACC}.Release|Any CPU.ActiveCfg = Release|Any CPU
		{A7CE5AB7-241F-41FA-BFE0-40E59C5B6ACC}.Release|Any CPU.Build.0 = Release|Any CPU
	EndGlobalSection
	GlobalSection(SolutionProperties) = preSolution
		HideSolutionNode = FALSE
	EndGlobalSection
	GlobalSection(ExtensibilityGlobals) = postSolution
		SolutionGuid = {B99B705D-BD18-428B-8DD8-5C8BE494AEEF}
	EndGlobalSection
EndGlobal
