
Microsoft Visual Studio Solution File, Format Version 12.00
# Visual Studio Version 16
VisualStudioVersion = 16.0.30503.244
MinimumVisualStudioVersion = 10.0.40219.1
Project("{9A19103F-16F7-4668-BE54-9A1E7A4F7556}") = "WPF", "WPF\WPF.csproj", "{6E862F91-970C-473D-9F9D-52EB7F3CC3D3}"
	ProjectSection(ProjectDependencies) = postProject
		{0C84F054-D535-4BE9-8AC8-CB22FA7D6E34} = {0C84F054-D535-4BE9-8AC8-CB22FA7D6E34}
	EndProjectSection
EndProject
Project("{9A19103F-16F7-4668-BE54-9A1E7A4F7556}") = "ItemLibrary", "ItemLibrary\ItemLibrary.csproj", "{45E997E0-0020-4114-9E34-F8A113064FB7}"
EndProject
Project("{2150E333-8FDC-42A3-9474-1A3956D46DE8}") = "Data", "Data", "{25A92F1B-7513-4AC1-8298-32E5CFDE77A3}"
	ProjectSection(SolutionItems) = preProject
		Data\brands.csv = Data\brands.csv
		Data\senukai.csv = Data\senukai.csv
		Data\senukaiOld.csv = Data\senukaiOld.csv
	EndProjectSection
EndProject
Project("{9A19103F-16F7-4668-BE54-9A1E7A4F7556}") = "DataContent", "DataContent\DataContent.csproj", "{A7CE5AB7-241F-41FA-BFE0-40E59C5B6ACC}"
EndProject
Project("{9A19103F-16F7-4668-BE54-9A1E7A4F7556}") = "DataManipulation", "DataManipulation\DataManipulation.csproj", "{2718FC63-674E-4F22-AF9C-3C7DFDF52BFC}"
EndProject
Project("{9A19103F-16F7-4668-BE54-9A1E7A4F7556}") = "Comparison", "Comparison\Comparison.csproj", "{E953965C-FB11-48E9-94E2-806D27257D04}"
EndProject
Project("{9A19103F-16F7-4668-BE54-9A1E7A4F7556}") = "ShopParser", "ShopParser\ShopParser.csproj", "{F85374DE-BA6D-413B-9763-9FEA873912FF}"
EndProject
Project("{9A19103F-16F7-4668-BE54-9A1E7A4F7556}") = "AdminService", "AdminService\AdminService.csproj", "{29B9C771-07F5-451B-A6F6-0FD8B1BE7AFA}"
EndProject
Project("{9A19103F-16F7-4668-BE54-9A1E7A4F7556}") = "DataUpdater", "DataUpdater\DataUpdater.csproj", "{8CEC3C77-81D8-4D86-BCC1-C4E5E81D33A0}"
EndProject
Project("{9A19103F-16F7-4668-BE54-9A1E7A4F7556}") = "ExceptionsLogging", "ExceptionsLogging\ExceptionsLogging.csproj", "{71A4D954-8F67-46C6-B08F-229915C87782}"
EndProject
Project("{9A19103F-16F7-4668-BE54-9A1E7A4F7556}") = "PathLibrary", "PathLibrary\PathLibrary.csproj", "{0BE975ED-DF55-4B95-B906-FC7123FC5FB9}"
EndProject
Project("{9A19103F-16F7-4668-BE54-9A1E7A4F7556}") = "Extensions", "Extensions\Extensions.csproj", "{0C84F054-D535-4BE9-8AC8-CB22FA7D6E34}"
EndProject
Global
	GlobalSection(SolutionConfigurationPlatforms) = preSolution
		Debug|Any CPU = Debug|Any CPU
		Release|Any CPU = Release|Any CPU
	EndGlobalSection
	GlobalSection(ProjectConfigurationPlatforms) = postSolution
		{6E862F91-970C-473D-9F9D-52EB7F3CC3D3}.Debug|Any CPU.ActiveCfg = Debug|Any CPU
		{6E862F91-970C-473D-9F9D-52EB7F3CC3D3}.Debug|Any CPU.Build.0 = Debug|Any CPU
		{6E862F91-970C-473D-9F9D-52EB7F3CC3D3}.Release|Any CPU.ActiveCfg = Release|Any CPU
		{6E862F91-970C-473D-9F9D-52EB7F3CC3D3}.Release|Any CPU.Build.0 = Release|Any CPU
		{45E997E0-0020-4114-9E34-F8A113064FB7}.Debug|Any CPU.ActiveCfg = Debug|Any CPU
		{45E997E0-0020-4114-9E34-F8A113064FB7}.Debug|Any CPU.Build.0 = Debug|Any CPU
		{45E997E0-0020-4114-9E34-F8A113064FB7}.Release|Any CPU.ActiveCfg = Release|Any CPU
		{45E997E0-0020-4114-9E34-F8A113064FB7}.Release|Any CPU.Build.0 = Release|Any CPU
		{A7CE5AB7-241F-41FA-BFE0-40E59C5B6ACC}.Debug|Any CPU.ActiveCfg = Debug|Any CPU
		{A7CE5AB7-241F-41FA-BFE0-40E59C5B6ACC}.Debug|Any CPU.Build.0 = Debug|Any CPU
		{A7CE5AB7-241F-41FA-BFE0-40E59C5B6ACC}.Release|Any CPU.ActiveCfg = Release|Any CPU
		{A7CE5AB7-241F-41FA-BFE0-40E59C5B6ACC}.Release|Any CPU.Build.0 = Release|Any CPU
		{2718FC63-674E-4F22-AF9C-3C7DFDF52BFC}.Debug|Any CPU.ActiveCfg = Debug|Any CPU
		{2718FC63-674E-4F22-AF9C-3C7DFDF52BFC}.Debug|Any CPU.Build.0 = Debug|Any CPU
		{2718FC63-674E-4F22-AF9C-3C7DFDF52BFC}.Release|Any CPU.ActiveCfg = Release|Any CPU
		{2718FC63-674E-4F22-AF9C-3C7DFDF52BFC}.Release|Any CPU.Build.0 = Release|Any CPU
		{E953965C-FB11-48E9-94E2-806D27257D04}.Debug|Any CPU.ActiveCfg = Debug|Any CPU
		{E953965C-FB11-48E9-94E2-806D27257D04}.Debug|Any CPU.Build.0 = Debug|Any CPU
		{E953965C-FB11-48E9-94E2-806D27257D04}.Release|Any CPU.ActiveCfg = Release|Any CPU
		{E953965C-FB11-48E9-94E2-806D27257D04}.Release|Any CPU.Build.0 = Release|Any CPU
		{F85374DE-BA6D-413B-9763-9FEA873912FF}.Debug|Any CPU.ActiveCfg = Debug|Any CPU
		{F85374DE-BA6D-413B-9763-9FEA873912FF}.Debug|Any CPU.Build.0 = Debug|Any CPU
		{F85374DE-BA6D-413B-9763-9FEA873912FF}.Release|Any CPU.ActiveCfg = Release|Any CPU
		{F85374DE-BA6D-413B-9763-9FEA873912FF}.Release|Any CPU.Build.0 = Release|Any CPU
		{29B9C771-07F5-451B-A6F6-0FD8B1BE7AFA}.Debug|Any CPU.ActiveCfg = Debug|Any CPU
		{29B9C771-07F5-451B-A6F6-0FD8B1BE7AFA}.Debug|Any CPU.Build.0 = Debug|Any CPU
		{29B9C771-07F5-451B-A6F6-0FD8B1BE7AFA}.Release|Any CPU.ActiveCfg = Release|Any CPU
		{29B9C771-07F5-451B-A6F6-0FD8B1BE7AFA}.Release|Any CPU.Build.0 = Release|Any CPU
		{8CEC3C77-81D8-4D86-BCC1-C4E5E81D33A0}.Debug|Any CPU.ActiveCfg = Debug|Any CPU
		{8CEC3C77-81D8-4D86-BCC1-C4E5E81D33A0}.Debug|Any CPU.Build.0 = Debug|Any CPU
		{8CEC3C77-81D8-4D86-BCC1-C4E5E81D33A0}.Release|Any CPU.ActiveCfg = Release|Any CPU
		{8CEC3C77-81D8-4D86-BCC1-C4E5E81D33A0}.Release|Any CPU.Build.0 = Release|Any CPU
		{71A4D954-8F67-46C6-B08F-229915C87782}.Debug|Any CPU.ActiveCfg = Debug|Any CPU
		{71A4D954-8F67-46C6-B08F-229915C87782}.Debug|Any CPU.Build.0 = Debug|Any CPU
		{71A4D954-8F67-46C6-B08F-229915C87782}.Release|Any CPU.ActiveCfg = Release|Any CPU
		{71A4D954-8F67-46C6-B08F-229915C87782}.Release|Any CPU.Build.0 = Release|Any CPU
		{0BE975ED-DF55-4B95-B906-FC7123FC5FB9}.Debug|Any CPU.ActiveCfg = Debug|Any CPU
		{0BE975ED-DF55-4B95-B906-FC7123FC5FB9}.Debug|Any CPU.Build.0 = Debug|Any CPU
		{0BE975ED-DF55-4B95-B906-FC7123FC5FB9}.Release|Any CPU.ActiveCfg = Release|Any CPU
		{0BE975ED-DF55-4B95-B906-FC7123FC5FB9}.Release|Any CPU.Build.0 = Release|Any CPU
		{0C84F054-D535-4BE9-8AC8-CB22FA7D6E34}.Debug|Any CPU.ActiveCfg = Debug|Any CPU
		{0C84F054-D535-4BE9-8AC8-CB22FA7D6E34}.Debug|Any CPU.Build.0 = Debug|Any CPU
		{0C84F054-D535-4BE9-8AC8-CB22FA7D6E34}.Release|Any CPU.ActiveCfg = Release|Any CPU
		{0C84F054-D535-4BE9-8AC8-CB22FA7D6E34}.Release|Any CPU.Build.0 = Release|Any CPU
	EndGlobalSection
	GlobalSection(SolutionProperties) = preSolution
		HideSolutionNode = FALSE
	EndGlobalSection
	GlobalSection(ExtensibilityGlobals) = postSolution
		SolutionGuid = {B99B705D-BD18-428B-8DD8-5C8BE494AEEF}
	EndGlobalSection
EndGlobal
